
Microsoft Visual Studio Solution File, Format Version 12.00
# Visual Studio 14
VisualStudioVersion = 14.0.25420.1
MinimumVisualStudioVersion = 10.0.40219.1
Project("{FAE04EC0-301F-11D3-BF4B-00C04F79EFBC}") = "Kaizen Indicator System", "WebApplication1\Kaizen Indicator System.csproj", "{6C76E996-2D5B-45AA-8FD8-86EB40DCEECF}"
EndProject
Project("{FAE04EC0-301F-11D3-BF4B-00C04F79EFBC}") = "KISScheduler", "ConsoleApplication1\ConsoleApplication1\KISScheduler.csproj", "{39EBA2F1-D009-4FF3-A99E-3965505617F8}"
EndProject
Project("{FAE04EC0-301F-11D3-BF4B-00C04F79EFBC}") = "KanbanBoxCheckHealthScheduler", "KanbanBoxIntegration\KanbanBoxCheckHealthScheduler\KanbanBoxCheckHealthScheduler\KanbanBoxCheckHealthScheduler.csproj", "{F16BEBEF-29DC-4F8F-8B99-1FE45C25E98B}"
EndProject
Project("{FAE04EC0-301F-11D3-BF4B-00C04F79EFBC}") = "KanbanBoxReaderScheduler", "KanbanBoxIntegration\KanbanBoxReaderScheduler\KanbanBoxReaderScheduler\KanbanBoxReaderScheduler.csproj", "{F996026C-09C5-4946-ABC8-0EF8FD050BF9}"
EndProject
Project("{FAE04EC0-301F-11D3-BF4B-00C04F79EFBC}") = "KISLicenseCheck", "KISLicenseCheck\KISLicenseCheck.csproj", "{16B588B7-C1EE-414E-8576-729D69F790BB}"
	ProjectSection(ProjectDependencies) = postProject
		{6C76E996-2D5B-45AA-8FD8-86EB40DCEECF} = {6C76E996-2D5B-45AA-8FD8-86EB40DCEECF}
	EndProjectSection
EndProject
Global
	GlobalSection(SolutionConfigurationPlatforms) = preSolution
		Debug|Any CPU = Debug|Any CPU
		Release|Any CPU = Release|Any CPU
	EndGlobalSection
	GlobalSection(ProjectConfigurationPlatforms) = postSolution
		{6C76E996-2D5B-45AA-8FD8-86EB40DCEECF}.Debug|Any CPU.ActiveCfg = Debug|Any CPU
		{6C76E996-2D5B-45AA-8FD8-86EB40DCEECF}.Debug|Any CPU.Build.0 = Debug|Any CPU
		{6C76E996-2D5B-45AA-8FD8-86EB40DCEECF}.Debug|Any CPU.Deploy.0 = Debug|Any CPU
		{6C76E996-2D5B-45AA-8FD8-86EB40DCEECF}.Release|Any CPU.ActiveCfg = Release|Any CPU
		{6C76E996-2D5B-45AA-8FD8-86EB40DCEECF}.Release|Any CPU.Build.0 = Release|Any CPU
		{39EBA2F1-D009-4FF3-A99E-3965505617F8}.Debug|Any CPU.ActiveCfg = Debug|Any CPU
		{39EBA2F1-D009-4FF3-A99E-3965505617F8}.Debug|Any CPU.Build.0 = Debug|Any CPU
		{39EBA2F1-D009-4FF3-A99E-3965505617F8}.Release|Any CPU.ActiveCfg = Debug|Any CPU
		{F16BEBEF-29DC-4F8F-8B99-1FE45C25E98B}.Debug|Any CPU.ActiveCfg = Debug|Any CPU
		{F16BEBEF-29DC-4F8F-8B99-1FE45C25E98B}.Debug|Any CPU.Build.0 = Debug|Any CPU
		{F16BEBEF-29DC-4F8F-8B99-1FE45C25E98B}.Release|Any CPU.ActiveCfg = Debug|Any CPU
		{F996026C-09C5-4946-ABC8-0EF8FD050BF9}.Debug|Any CPU.ActiveCfg = Debug|Any CPU
		{F996026C-09C5-4946-ABC8-0EF8FD050BF9}.Debug|Any CPU.Build.0 = Debug|Any CPU
		{F996026C-09C5-4946-ABC8-0EF8FD050BF9}.Release|Any CPU.ActiveCfg = Debug|Any CPU
		{16B588B7-C1EE-414E-8576-729D69F790BB}.Debug|Any CPU.ActiveCfg = Debug|Any CPU
		{16B588B7-C1EE-414E-8576-729D69F790BB}.Debug|Any CPU.Build.0 = Debug|Any CPU
		{16B588B7-C1EE-414E-8576-729D69F790BB}.Release|Any CPU.ActiveCfg = Release|Any CPU
		{16B588B7-C1EE-414E-8576-729D69F790BB}.Release|Any CPU.Build.0 = Release|Any CPU
	EndGlobalSection
	GlobalSection(SolutionProperties) = preSolution
		HideSolutionNode = FALSE
	EndGlobalSection
	GlobalSection(SolutionConfigurationPlatforms) = preSolution
		Debug|Any CPU = Debug|Any CPU
		Debug|Default = Debug|Default
		Release|Any CPU = Release|Any CPU
		Release|Default = Release|Default
	EndGlobalSection
	GlobalSection(SolutionConfigurationPlatforms) = preSolution
		Debug|Any CPU = Debug|Any CPU
		Debug|Default = Debug|Default
		Release|Any CPU = Release|Any CPU
		Release|Default = Release|Default
	EndGlobalSection
EndGlobal
